
Microsoft Visual Studio Solution File, Format Version 12.00
# Visual Studio Version 17
VisualStudioVersion = 17.14.36301.6
MinimumVisualStudioVersion = 10.0.40219.1
Project("{FAE04EC0-301F-11D3-BF4B-00C04F79EFBC}") = "LayoutEditor.Common", "src\LayoutEditor.Common\LayoutEditor.Common.csproj", "{4B193B1B-8623-91E7-906E-4BCD1BBFD978}"
EndProject
Project("{FAE04EC0-301F-11D3-BF4B-00C04F79EFBC}") = "LayoutEditor.Tests", "src\LayoutEditor.Tests\LayoutEditor.Tests.csproj", "{646C170E-3BD0-BA7A-B2F0-1B3ED471661C}"
EndProject
Project("{FAE04EC0-301F-11D3-BF4B-00C04F79EFBC}") = "LayoutEditor.ConsoleApp", "src\LayoutEditor.ConsoleApp\LayoutEditor.ConsoleApp.csproj", "{3A4E4D94-DB29-CCA0-71A2-63F143C67435}"
EndProject
Project("{FAE04EC0-301F-11D3-BF4B-00C04F79EFBC}") = "LayoutEditor.WinForms", "src\LayoutEditor.WinForms\LayoutEditor.WinForms.csproj", "{47E0A992-99C3-7532-31B6-E369945B0E88}"
EndProject
Global
	GlobalSection(SolutionConfigurationPlatforms) = preSolution
		Debug|Any CPU = Debug|Any CPU
		Release|Any CPU = Release|Any CPU
	EndGlobalSection
	GlobalSection(ProjectConfigurationPlatforms) = postSolution
		{4B193B1B-8623-91E7-906E-4BCD1BBFD978}.Debug|Any CPU.ActiveCfg = Debug|Any CPU
		{4B193B1B-8623-91E7-906E-4BCD1BBFD978}.Debug|Any CPU.Build.0 = Debug|Any CPU
		{4B193B1B-8623-91E7-906E-4BCD1BBFD978}.Release|Any CPU.ActiveCfg = Release|Any CPU
		{4B193B1B-8623-91E7-906E-4BCD1BBFD978}.Release|Any CPU.Build.0 = Release|Any CPU
		{646C170E-3BD0-BA7A-B2F0-1B3ED471661C}.Debug|Any CPU.ActiveCfg = Debug|Any CPU
		{646C170E-3BD0-BA7A-B2F0-1B3ED471661C}.Debug|Any CPU.Build.0 = Debug|Any CPU
		{646C170E-3BD0-BA7A-B2F0-1B3ED471661C}.Release|Any CPU.ActiveCfg = Release|Any CPU
		{646C170E-3BD0-BA7A-B2F0-1B3ED471661C}.Release|Any CPU.Build.0 = Release|Any CPU
		{3A4E4D94-DB29-CCA0-71A2-63F143C67435}.Debug|Any CPU.ActiveCfg = Debug|Any CPU
		{3A4E4D94-DB29-CCA0-71A2-63F143C67435}.Debug|Any CPU.Build.0 = Debug|Any CPU
		{3A4E4D94-DB29-CCA0-71A2-63F143C67435}.Release|Any CPU.ActiveCfg = Release|Any CPU
		{3A4E4D94-DB29-CCA0-71A2-63F143C67435}.Release|Any CPU.Build.0 = Release|Any CPU
		{47E0A992-99C3-7532-31B6-E369945B0E88}.Debug|Any CPU.ActiveCfg = Debug|Any CPU
		{47E0A992-99C3-7532-31B6-E369945B0E88}.Debug|Any CPU.Build.0 = Debug|Any CPU
		{47E0A992-99C3-7532-31B6-E369945B0E88}.Release|Any CPU.ActiveCfg = Release|Any CPU
		{47E0A992-99C3-7532-31B6-E369945B0E88}.Release|Any CPU.Build.0 = Release|Any CPU
	EndGlobalSection
	GlobalSection(SolutionProperties) = preSolution
		HideSolutionNode = FALSE
	EndGlobalSection
	GlobalSection(ExtensibilityGlobals) = postSolution
		SolutionGuid = {9E0416EA-0DF7-4AF6-8A37-6AFA80D807CD}
	EndGlobalSection
EndGlobal
